
Microsoft Visual Studio Solution File, Format Version 12.00
# Visual Studio Version 17
VisualStudioVersion = 17.6.33712.159
MinimumVisualStudioVersion = 10.0.40219.1
Project("{9A19103F-16F7-4668-BE54-9A1E7A4F7556}") = "API", "API\API.csproj", "{3A4AE30D-5013-4360-9D86-BED6E0E6EA07}"
EndProject
Project("{FAE04EC0-301F-11D3-BF4B-00C04F79EFBC}") = "Infrastructure", "Infrastructure\Infrastructure.csproj", "{DD957415-BF9C-493A-94B9-A586004ED328}"
EndProject
Project("{FAE04EC0-301F-11D3-BF4B-00C04F79EFBC}") = "Core", "Core\Core.csproj", "{0BFE847C-6F44-4090-AA19-86229F11E903}"
EndProject
Global
	GlobalSection(SolutionConfigurationPlatforms) = preSolution
		Debug|Any CPU = Debug|Any CPU
		Release|Any CPU = Release|Any CPU
	EndGlobalSection
	GlobalSection(ProjectConfigurationPlatforms) = postSolution
		{3A4AE30D-5013-4360-9D86-BED6E0E6EA07}.Debug|Any CPU.ActiveCfg = Debug|Any CPU
		{3A4AE30D-5013-4360-9D86-BED6E0E6EA07}.Debug|Any CPU.Build.0 = Debug|Any CPU
		{3A4AE30D-5013-4360-9D86-BED6E0E6EA07}.Release|Any CPU.ActiveCfg = Release|Any CPU
		{3A4AE30D-5013-4360-9D86-BED6E0E6EA07}.Release|Any CPU.Build.0 = Release|Any CPU
		{DD957415-BF9C-493A-94B9-A586004ED328}.Debug|Any CPU.ActiveCfg = Debug|Any CPU
		{DD957415-BF9C-493A-94B9-A586004ED328}.Debug|Any CPU.Build.0 = Debug|Any CPU
		{DD957415-BF9C-493A-94B9-A586004ED328}.Release|Any CPU.ActiveCfg = Release|Any CPU
		{DD957415-BF9C-493A-94B9-A586004ED328}.Release|Any CPU.Build.0 = Release|Any CPU
		{0BFE847C-6F44-4090-AA19-86229F11E903}.Debug|Any CPU.ActiveCfg = Debug|Any CPU
		{0BFE847C-6F44-4090-AA19-86229F11E903}.Debug|Any CPU.Build.0 = Debug|Any CPU
		{0BFE847C-6F44-4090-AA19-86229F11E903}.Release|Any CPU.ActiveCfg = Release|Any CPU
		{0BFE847C-6F44-4090-AA19-86229F11E903}.Release|Any CPU.Build.0 = Release|Any CPU
	EndGlobalSection
	GlobalSection(SolutionProperties) = preSolution
		HideSolutionNode = FALSE
	EndGlobalSection
	GlobalSection(ExtensibilityGlobals) = postSolution
		SolutionGuid = {FD12805F-8E9F-4A93-9149-F3E436808422}
	EndGlobalSection
EndGlobal
